
Microsoft Visual Studio Solution File, Format Version 12.00
# Visual Studio Version 16
VisualStudioVersion = 16.0.30114.105
MinimumVisualStudioVersion = 10.0.40219.1
Project("{9A19103F-16F7-4668-BE54-9A1E7A4F7556}") = "ExpressionParser", "ExpressionParser\ExpressionParser.csproj", "{58425289-C148-4481-B052-653125E01B71}"
EndProject
Project("{9A19103F-16F7-4668-BE54-9A1E7A4F7556}") = "ExpressionSolverService", "ExpressionSolverService\ExpressionSolverService.csproj", "{56779099-A717-4142-AE21-A2EC90079CA5}"
EndProject
Global
	GlobalSection(SolutionConfigurationPlatforms) = preSolution
		Debug|Any CPU = Debug|Any CPU
		Release|Any CPU = Release|Any CPU
	EndGlobalSection
	GlobalSection(ProjectConfigurationPlatforms) = postSolution
		{58425289-C148-4481-B052-653125E01B71}.Debug|Any CPU.ActiveCfg = Debug|Any CPU
		{58425289-C148-4481-B052-653125E01B71}.Debug|Any CPU.Build.0 = Debug|Any CPU
		{58425289-C148-4481-B052-653125E01B71}.Release|Any CPU.ActiveCfg = Release|Any CPU
		{58425289-C148-4481-B052-653125E01B71}.Release|Any CPU.Build.0 = Release|Any CPU
		{56779099-A717-4142-AE21-A2EC90079CA5}.Debug|Any CPU.ActiveCfg = Debug|Any CPU
		{56779099-A717-4142-AE21-A2EC90079CA5}.Debug|Any CPU.Build.0 = Debug|Any CPU
		{56779099-A717-4142-AE21-A2EC90079CA5}.Release|Any CPU.ActiveCfg = Release|Any CPU
		{56779099-A717-4142-AE21-A2EC90079CA5}.Release|Any CPU.Build.0 = Release|Any CPU
	EndGlobalSection
	GlobalSection(SolutionProperties) = preSolution
		HideSolutionNode = FALSE
	EndGlobalSection
	GlobalSection(ExtensibilityGlobals) = postSolution
		SolutionGuid = {3D27078D-B2BF-4B0B-981B-F935C93D81FA}
	EndGlobalSection
EndGlobal
